<?xml version="1.0" encoding="UTF-8" standalone="yes" ?>
<CodeBlocks_project_file>
	<FileVersion major="1" minor="6" />
	<Project>
		<Option title="Quarto_modulable" />
		<Option pch_mode="2" />
		<Option compiler="gcc" />
		<Build>
			<Target title="Debug">
				<Option output="bin/Debug/Quarto_modulable" prefix_auto="1" extension_auto="1" />
				<Option object_output="obj/Debug/" />
				<Option type="0" />
				<Option compiler="gcc" />
				<Compiler>
					<Add option="-g" />
				</Compiler>
				<Linker>
					<Add library="sfml-graphics-s-d" />
					<Add library="sfml-window-s-d" />
					<Add library="sfml-system-s-d" />
				</Linker>
			</Target>
			<Target title="Release">
				<Option output="bin/Release/Quarto_projet" prefix_auto="1" extension_auto="1" />
				<Option object_output="obj/Release/" />
				<Option type="1" />
				<Option compiler="gcc" />
				<Compiler>
					<Add option="-O2" />
				</Compiler>
				<Linker>
					<Add option="-s" />
					<Add library="sfml-graphics-s" />
					<Add library="sfml-window-s" />
					<Add library="sfml-system-s" />
				</Linker>
			</Target>
		</Build>
		<Compiler>
			<Add option="-Wall" />
			<Add option="-fexceptions" />
			<Add option="-DSFML_STATIC" />
			<Add directory="C:/SFML-2.1/include" />
			<Add directory="C:/Users/Nax/Documents/GitHub/Quarto_modulable/include" />
		</Compiler>
		<Linker>
			<Add directory="C:/SFML-2.0/lib" />
		</Linker>
		<Unit filename="include/Controleur.h" />
		<Unit filename="include/Piece.h" />
		<Unit filename="include/affichage.h" />
		<Unit filename="include/board.h" />
		<Unit filename="include/general.h" />
		<Unit filename="main.cpp" />
		<Unit filename="src/Controleur.cpp" />
		<Unit filename="src/Piece.cpp" />
		<Unit filename="src/affichage.cpp" />
		<Unit filename="src/board.cpp" />
		<Extensions>
			<code_completion />
			<envvars />
			<debugger />
		</Extensions>
	</Project>
</CodeBlocks_project_file>
